
Microsoft Visual Studio Solution File, Format Version 12.00
# Visual Studio Version 17
VisualStudioVersion = 17.3.32929.385
MinimumVisualStudioVersion = 10.0.40219.1
Project("{8BC9CEB8-8B4A-11D0-8D11-00A0C91BC942}") = "Project1", "Project1\Project1.vcxproj", "{79DAE2B1-DB32-4743-B9BE-7421C7DE8F0C}"
EndProject
Global
	GlobalSection(SolutionConfigurationPlatforms) = preSolution
		Debug|x64 = Debug|x64
		Debug|x86 = Debug|x86
		Release|x64 = Release|x64
		Release|x86 = Release|x86
	EndGlobalSection
	GlobalSection(ProjectConfigurationPlatforms) = postSolution
		{79DAE2B1-DB32-4743-B9BE-7421C7DE8F0C}.Debug|x64.ActiveCfg = Debug|x64
		{79DAE2B1-DB32-4743-B9BE-7421C7DE8F0C}.Debug|x64.Build.0 = Debug|x64
		{79DAE2B1-DB32-4743-B9BE-7421C7DE8F0C}.Debug|x86.ActiveCfg = Debug|Win32
		{79DAE2B1-DB32-4743-B9BE-7421C7DE8F0C}.Debug|x86.Build.0 = Debug|Win32
		{79DAE2B1-DB32-4743-B9BE-7421C7DE8F0C}.Release|x64.ActiveCfg = Release|x64
		{79DAE2B1-DB32-4743-B9BE-7421C7DE8F0C}.Release|x64.Build.0 = Release|x64
		{79DAE2B1-DB32-4743-B9BE-7421C7DE8F0C}.Release|x86.ActiveCfg = Release|Win32
		{79DAE2B1-DB32-4743-B9BE-7421C7DE8F0C}.Release|x86.Build.0 = Release|Win32
	EndGlobalSection
	GlobalSection(SolutionProperties) = preSolution
		HideSolutionNode = FALSE
	EndGlobalSection
	GlobalSection(ExtensibilityGlobals) = postSolution
		SolutionGuid = {CDC39251-37C9-4F01-A1B9-220600B71764}
	EndGlobalSection
EndGlobal
